
Microsoft Visual Studio Solution File, Format Version 12.00
# Visual Studio Version 16
VisualStudioVersion = 16.0.32228.343
MinimumVisualStudioVersion = 10.0.40219.1
Project("{9A19103F-16F7-4668-BE54-9A1E7A4F7556}") = "FundoNote", "FundoNote\FundoNote.csproj", "{A2103F04-6910-439F-B004-340DB7E2D949}"
EndProject
Project("{9A19103F-16F7-4668-BE54-9A1E7A4F7556}") = "BusinessLayer", "BusinessLayer\BusinessLayer.csproj", "{964CE5DA-E14C-42AC-95DE-E5DB2E92DBE4}"
EndProject
Project("{9A19103F-16F7-4668-BE54-9A1E7A4F7556}") = "CommonLayer", "CommonLayer\CommonLayer.csproj", "{615162EB-0E05-4043-8E64-C1874C08C59D}"
EndProject
Project("{9A19103F-16F7-4668-BE54-9A1E7A4F7556}") = "RepositoryLayer", "RepositoryLayer\RepositoryLayer.csproj", "{8B0D3546-1A05-4DC4-82AD-D19A024FCC96}"
EndProject
Project("{FAE04EC0-301F-11D3-BF4B-00C04F79EFBC}") = "usertest", "usertest\usertest.csproj", "{772FF6DE-8433-490D-BEF4-807B4D677C63}"
EndProject
Global
	GlobalSection(SolutionConfigurationPlatforms) = preSolution
		Debug|Any CPU = Debug|Any CPU
		Release|Any CPU = Release|Any CPU
	EndGlobalSection
	GlobalSection(ProjectConfigurationPlatforms) = postSolution
		{A2103F04-6910-439F-B004-340DB7E2D949}.Debug|Any CPU.ActiveCfg = Debug|Any CPU
		{A2103F04-6910-439F-B004-340DB7E2D949}.Debug|Any CPU.Build.0 = Debug|Any CPU
		{A2103F04-6910-439F-B004-340DB7E2D949}.Release|Any CPU.ActiveCfg = Release|Any CPU
		{A2103F04-6910-439F-B004-340DB7E2D949}.Release|Any CPU.Build.0 = Release|Any CPU
		{964CE5DA-E14C-42AC-95DE-E5DB2E92DBE4}.Debug|Any CPU.ActiveCfg = Debug|Any CPU
		{964CE5DA-E14C-42AC-95DE-E5DB2E92DBE4}.Debug|Any CPU.Build.0 = Debug|Any CPU
		{964CE5DA-E14C-42AC-95DE-E5DB2E92DBE4}.Release|Any CPU.ActiveCfg = Release|Any CPU
		{964CE5DA-E14C-42AC-95DE-E5DB2E92DBE4}.Release|Any CPU.Build.0 = Release|Any CPU
		{615162EB-0E05-4043-8E64-C1874C08C59D}.Debug|Any CPU.ActiveCfg = Debug|Any CPU
		{615162EB-0E05-4043-8E64-C1874C08C59D}.Debug|Any CPU.Build.0 = Debug|Any CPU
		{615162EB-0E05-4043-8E64-C1874C08C59D}.Release|Any CPU.ActiveCfg = Release|Any CPU
		{615162EB-0E05-4043-8E64-C1874C08C59D}.Release|Any CPU.Build.0 = Release|Any CPU
		{8B0D3546-1A05-4DC4-82AD-D19A024FCC96}.Debug|Any CPU.ActiveCfg = Debug|Any CPU
		{8B0D3546-1A05-4DC4-82AD-D19A024FCC96}.Debug|Any CPU.Build.0 = Debug|Any CPU
		{8B0D3546-1A05-4DC4-82AD-D19A024FCC96}.Release|Any CPU.ActiveCfg = Release|Any CPU
		{8B0D3546-1A05-4DC4-82AD-D19A024FCC96}.Release|Any CPU.Build.0 = Release|Any CPU
		{772FF6DE-8433-490D-BEF4-807B4D677C63}.Debug|Any CPU.ActiveCfg = Debug|Any CPU
		{772FF6DE-8433-490D-BEF4-807B4D677C63}.Debug|Any CPU.Build.0 = Debug|Any CPU
		{772FF6DE-8433-490D-BEF4-807B4D677C63}.Release|Any CPU.ActiveCfg = Release|Any CPU
		{772FF6DE-8433-490D-BEF4-807B4D677C63}.Release|Any CPU.Build.0 = Release|Any CPU
	EndGlobalSection
	GlobalSection(SolutionProperties) = preSolution
		HideSolutionNode = FALSE
	EndGlobalSection
	GlobalSection(ExtensibilityGlobals) = postSolution
		SolutionGuid = {706CF3FA-30F2-4B82-BACF-6E188E0E900A}
	EndGlobalSection
EndGlobal
